
Microsoft Visual Studio Solution File, Format Version 11.00
# Visual Studio 2010
Project("{8BC9CEB8-8B4A-11D0-8D11-00A0C91BC942}") = "ancient hunter", "ancient hunter\ancient hunter.vcxproj", "{452CACC1-6934-40EC-8800-0A30CA302E32}"
EndProject
Global
	GlobalSection(SolutionConfigurationPlatforms) = preSolution
		Debug|Win32 = Debug|Win32
		Release|Win32 = Release|Win32
	EndGlobalSection
	GlobalSection(ProjectConfigurationPlatforms) = postSolution
		{452CACC1-6934-40EC-8800-0A30CA302E32}.Debug|Win32.ActiveCfg = Debug|Win32
		{452CACC1-6934-40EC-8800-0A30CA302E32}.Debug|Win32.Build.0 = Debug|Win32
		{452CACC1-6934-40EC-8800-0A30CA302E32}.Release|Win32.ActiveCfg = Release|Win32
		{452CACC1-6934-40EC-8800-0A30CA302E32}.Release|Win32.Build.0 = Release|Win32
	EndGlobalSection
	GlobalSection(SolutionProperties) = preSolution
		HideSolutionNode = FALSE
	EndGlobalSection
EndGlobal
